{
  "requires": true,
  "lockfileVersion": 1,
  "dependencies": {
    "dark-mode-switch": {
      "version": "1.0.0",
      "resolved": "https://registry.npmjs.org/dark-mode-switch/-/dark-mode-switch-1.0.0.tgz",
      "integrity": "sha512-wRoqYGmph7mwRbPcSNRR6DpRQe5wOK0lG6O3Hz7nIWWDyLAHSqje7PUI6c/acOYACiSPHc7sqysn57GSuklb6w=="
    },
    "jquery": {
      "version": "3.4.1",
      "resolved": "https://registry.npmjs.org/jquery/-/jquery-3.4.1.tgz",
      "integrity": "sha512-36+AdBzCL+y6qjw5Tx7HgzeGCzC81MDDgaUP8ld2zhx58HdqXGoBd+tHdrBMiyjGQs0Hxs/MLZTu/eHNJJuWPw=="
    },
    "jquery-backstretch": {
      "version": "2.1.18",
      "resolved": "https://registry.npmjs.org/jquery-backstretch/-/jquery-backstretch-2.1.18.tgz",
      "integrity": "sha512-qUUTfZD/pwpqlCVvgr8VLTNa0utQBUW+HTXLPZkyqcSiudgWf+ImXlRE7oKQ8o2MbcrZ28n6HCg38Sfhwn9CNw==",
      "requires": {
        "jquery": "^3.1.1"
      }
    }
  }
}
