{
  "name": "webserver",
  "version": "1.0.0",
  "lockfileVersion": 1,
  "requires": true,
  "dependencies": {
    "@fortawesome/fontawesome-common-types": {
      "version": "0.2.26",
      "resolved": "https://registry.npmjs.org/@fortawesome/fontawesome-common-types/-/fontawesome-common-types-0.2.26.tgz",
      "integrity": "sha512-CcM/fIFwZlRdiWG/25xE/wHbtyUuCtqoCTrr6BsWw7hH072fR++n4L56KPydAr3ANgMJMjT8v83ZFIsDc7kE+A=="
    },
    "@fortawesome/fontawesome-svg-core": {
      "version": "1.2.26",
      "resolved": "https://registry.npmjs.org/@fortawesome/fontawesome-svg-core/-/fontawesome-svg-core-1.2.26.tgz",
      "integrity": "sha512-3Dfd/v2IztP1TxKOxZiB5+4kaOZK9mNy0KU1vVK7nFlPWz3gzxrCWB+AloQhQUoJ8HhGqbzjliK89Vl7PExGbw==",
      "requires": {
        "@fortawesome/fontawesome-common-types": "^0.2.26"
      }
    },
    "@fortawesome/free-regular-svg-icons": {
      "version": "5.12.0",
      "resolved": "https://registry.npmjs.org/@fortawesome/free-regular-svg-icons/-/free-regular-svg-icons-5.12.0.tgz",
      "integrity": "sha512-FAvpmylTs0PosHwHrWPQX6/7ODc9M11kCE6AOAujFufDYzqTj2cPHT4yJO7zTEkKdAbbusJzbWpnOboMuyjeQA==",
      "requires": {
        "@fortawesome/fontawesome-common-types": "^0.2.26"
      }
    },
    "@fortawesome/free-solid-svg-icons": {
      "version": "5.12.0",
      "resolved": "https://registry.npmjs.org/@fortawesome/free-solid-svg-icons/-/free-solid-svg-icons-5.12.0.tgz",
      "integrity": "sha512-CnpsWs6GhTs9ekNB3d8rcO5HYqRkXbYKf2YNiAlTWbj5eVlPqsd/XH1F9If8jkcR1aegryAbln/qYeKVZzpM0g==",
      "requires": {
        "@fortawesome/fontawesome-common-types": "^0.2.26"
      }
    },
    "@joeattardi/emoji-button": {
      "version": "2.5.2",
      "resolved": "https://registry.npmjs.org/@joeattardi/emoji-button/-/emoji-button-2.5.2.tgz",
      "integrity": "sha512-q9SEskDdwPFCrJZl1tADWjjCaJ3bWnOumyeKjdg4/PwvlfugsrtqpCtt4zNtkPZ256hfqm3t/+B2b5i0ap7JCw==",
      "requires": {
        "@fortawesome/fontawesome-svg-core": "^1.2.22",
        "@fortawesome/free-regular-svg-icons": "^5.10.2",
        "@fortawesome/free-solid-svg-icons": "^5.10.2",
        "emoji-datasource": "^4.1.0",
        "popper.js": "^1.15.0",
        "tiny-emitter": "^2.1.0"
      }
    },
    "emoji-datasource": {
      "version": "4.1.0",
      "resolved": "https://registry.npmjs.org/emoji-datasource/-/emoji-datasource-4.1.0.tgz",
      "integrity": "sha1-tEVX94ot+sLzUDkzkbFwpWfsKK0="
    },
    "popper.js": {
      "version": "1.16.0",
      "resolved": "https://registry.npmjs.org/popper.js/-/popper.js-1.16.0.tgz",
      "integrity": "sha512-+G+EkOPoE5S/zChTpmBSSDYmhXJ5PsW8eMhH8cP/CQHMFPBG/kC9Y5IIw6qNYgdJ+/COf0ddY2li28iHaZRSjw=="
    },
    "tiny-emitter": {
      "version": "2.1.0",
      "resolved": "https://registry.npmjs.org/tiny-emitter/-/tiny-emitter-2.1.0.tgz",
      "integrity": "sha512-NB6Dk1A9xgQPMoGqC5CVXn123gWyte215ONT5Pp5a0yt4nlEoO1ZWeCwpncaekPHXO60i47ihFnZPiRPjRMq4Q=="
    }
  }
}
